// !$*UTF8*$!
{
	archiveVersion = 1;
	classes = {
	};
	objectVersion = 56;
	objects = {

/* Begin PBXBuildFile section */
		2D1B58B9299F6613001F969F /* SubscriptionCancelerApp.swift in Sources */ = {isa = PBXBuildFile; fileRef = 2D1B58B8299F6613001F969F /* SubscriptionCancelerApp.swift */; };
		2D1B58BB299F6613001F969F /* ContentView.swift in Sources */ = {isa = PBXBuildFile; fileRef = 2D1B58BA299F6613001F969F /* ContentView.swift */; };
		2D1B58BD299F6615001F969F /* Assets.xcassets in Resources */ = {isa = PBXBuildFile; fileRef = 2D1B58BC299F6615001F969F /* Assets.xcassets */; };
		2D1B58C0299F6615001F969F /* Preview Assets.xcassets in Resources */ = {isa = PBXBuildFile; fileRef = 2D1B58BF299F6615001F969F /* Preview Assets.xcassets */; };
		2D1B58C8299F6657001F969F /* DittoObjC in Frameworks */ = {isa = PBXBuildFile; productRef = 2D1B58C7299F6657001F969F /* DittoObjC */; };
		2D1B58CA299F6657001F969F /* DittoSwift in Frameworks */ = {isa = PBXBuildFile; productRef = 2D1B58C9299F6657001F969F /* DittoSwift */; };
		2D1B58CC299F669E001F969F /* DittoManager.swift in Sources */ = {isa = PBXBuildFile; fileRef = 2D1B58CB299F669E001F969F /* DittoManager.swift */; };
		2D1B58CF299F66FE001F969F /* Car.swift in Sources */ = {isa = PBXBuildFile; fileRef = 2D1B58CE299F66FE001F969F /* Car.swift */; };
		2D1B58D2299F68CC001F969F /* Fakery in Frameworks */ = {isa = PBXBuildFile; productRef = 2D1B58D1299F68CC001F969F /* Fakery */; };
/* End PBXBuildFile section */

/* Begin PBXFileReference section */
		2D1B58B5299F6613001F969F /* SubscriptionCanceler.app */ = {isa = PBXFileReference; explicitFileType = wrapper.application; includeInIndex = 0; path = SubscriptionCanceler.app; sourceTree = BUILT_PRODUCTS_DIR; };
		2D1B58B8299F6613001F969F /* SubscriptionCancelerApp.swift */ = {isa = PBXFileReference; lastKnownFileType = sourcecode.swift; path = SubscriptionCancelerApp.swift; sourceTree = "<group>"; };
		2D1B58BA299F6613001F969F /* ContentView.swift */ = {isa = PBXFileReference; lastKnownFileType = sourcecode.swift; path = ContentView.swift; sourceTree = "<group>"; };
		2D1B58BC299F6615001F969F /* Assets.xcassets */ = {isa = PBXFileReference; lastKnownFileType = folder.assetcatalog; path = Assets.xcassets; sourceTree = "<group>"; };
		2D1B58BF299F6615001F969F /* Preview Assets.xcassets */ = {isa = PBXFileReference; lastKnownFileType = folder.assetcatalog; path = "Preview Assets.xcassets"; sourceTree = "<group>"; };
		2D1B58CB299F669E001F969F /* DittoManager.swift */ = {isa = PBXFileReference; lastKnownFileType = sourcecode.swift; path = DittoManager.swift; sourceTree = "<group>"; };
		2D1B58CE299F66FE001F969F /* Car.swift */ = {isa = PBXFileReference; lastKnownFileType = sourcecode.swift; path = Car.swift; sourceTree = "<group>"; };
		2D1B58D3299F6991001F969F /* Info.plist */ = {isa = PBXFileReference; lastKnownFileType = text.plist; path = Info.plist; sourceTree = "<group>"; };
/* End PBXFileReference section */

/* Begin PBXFrameworksBuildPhase section */
		2D1B58B2299F6613001F969F /* Frameworks */ = {
			isa = PBXFrameworksBuildPhase;
			buildActionMask = 2147483647;
			files = (
				2D1B58C8299F6657001F969F /* DittoObjC in Frameworks */,
				2D1B58CA299F6657001F969F /* DittoSwift in Frameworks */,
				2D1B58D2299F68CC001F969F /* Fakery in Frameworks */,
			);
			runOnlyForDeploymentPostprocessing = 0;
		};
/* End PBXFrameworksBuildPhase section */

/* Begin PBXGroup section */
		2D1B58AC299F6613001F969F = {
			isa = PBXGroup;
			children = (
				2D1B58B7299F6613001F969F /* SubscriptionCanceler */,
				2D1B58B6299F6613001F969F /* Products */,
			);
			sourceTree = "<group>";
		};
		2D1B58B6299F6613001F969F /* Products */ = {
			isa = PBXGroup;
			children = (
				2D1B58B5299F6613001F969F /* SubscriptionCanceler.app */,
			);
			name = Products;
			sourceTree = "<group>";
		};
		2D1B58B7299F6613001F969F /* SubscriptionCanceler */ = {
			isa = PBXGroup;
			children = (
				2D1B58D3299F6991001F969F /* Info.plist */,
				2D1B58CD299F66F6001F969F /* Data */,
				2D1B58B8299F6613001F969F /* SubscriptionCancelerApp.swift */,
				2D1B58BA299F6613001F969F /* ContentView.swift */,
				2D1B58BC299F6615001F969F /* Assets.xcassets */,
				2D1B58BE299F6615001F969F /* Preview Content */,
			);
			path = SubscriptionCanceler;
			sourceTree = "<group>";
		};
		2D1B58BE299F6615001F969F /* Preview Content */ = {
			isa = PBXGroup;
			children = (
				2D1B58BF299F6615001F969F /* Preview Assets.xcassets */,
			);
			path = "Preview Content";
			sourceTree = "<group>";
		};
		2D1B58CD299F66F6001F969F /* Data */ = {
			isa = PBXGroup;
			children = (
				2D1B58CB299F669E001F969F /* DittoManager.swift */,
				2D1B58CE299F66FE001F969F /* Car.swift */,
			);
			path = Data;
			sourceTree = "<group>";
		};
/* End PBXGroup section */

/* Begin PBXNativeTarget section */
		2D1B58B4299F6613001F969F /* SubscriptionCanceler */ = {
			isa = PBXNativeTarget;
			buildConfigurationList = 2D1B58C3299F6615001F969F /* Build configuration list for PBXNativeTarget "SubscriptionCanceler" */;
			buildPhases = (
				2D1B58B1299F6613001F969F /* Sources */,
				2D1B58B2299F6613001F969F /* Frameworks */,
				2D1B58B3299F6613001F969F /* Resources */,
			);
			buildRules = (
			);
			dependencies = (
			);
			name = SubscriptionCanceler;
			packageProductDependencies = (
				2D1B58C7299F6657001F969F /* DittoObjC */,
				2D1B58C9299F6657001F969F /* DittoSwift */,
				2D1B58D1299F68CC001F969F /* Fakery */,
			);
			productName = SubscriptionCanceler;
			productReference = 2D1B58B5299F6613001F969F /* SubscriptionCanceler.app */;
			productType = "com.apple.product-type.application";
		};
/* End PBXNativeTarget section */

/* Begin PBXProject section */
		2D1B58AD299F6613001F969F /* Project object */ = {
			isa = PBXProject;
			attributes = {
				BuildIndependentTargetsInParallel = 1;
				LastSwiftUpdateCheck = 1420;
				LastUpgradeCheck = 1420;
				TargetAttributes = {
					2D1B58B4299F6613001F969F = {
						CreatedOnToolsVersion = 14.2;
					};
				};
			};
			buildConfigurationList = 2D1B58B0299F6613001F969F /* Build configuration list for PBXProject "SubscriptionCanceler" */;
			compatibilityVersion = "Xcode 14.0";
			developmentRegion = en;
			hasScannedForEncodings = 0;
			knownRegions = (
				en,
				Base,
			);
			mainGroup = 2D1B58AC299F6613001F969F;
			packageReferences = (
				2D1B58C6299F6657001F969F /* XCRemoteSwiftPackageReference "DittoSwiftPackage" */,
				2D1B58D0299F68CC001F969F /* XCRemoteSwiftPackageReference "Fakery" */,
			);
			productRefGroup = 2D1B58B6299F6613001F969F /* Products */;
			projectDirPath = "";
			projectRoot = "";
			targets = (
				2D1B58B4299F6613001F969F /* SubscriptionCanceler */,
			);
		};
/* End PBXProject section */

/* Begin PBXResourcesBuildPhase section */
		2D1B58B3299F6613001F969F /* Resources */ = {
			isa = PBXResourcesBuildPhase;
			buildActionMask = 2147483647;
			files = (
				2D1B58C0299F6615001F969F /* Preview Assets.xcassets in Resources */,
				2D1B58BD299F6615001F969F /* Assets.xcassets in Resources */,
			);
			runOnlyForDeploymentPostprocessing = 0;
		};
/* End PBXResourcesBuildPhase section */

/* Begin PBXSourcesBuildPhase section */
		2D1B58B1299F6613001F969F /* Sources */ = {
			isa = PBXSourcesBuildPhase;
			buildActionMask = 2147483647;
			files = (
				2D1B58BB299F6613001F969F /* ContentView.swift in Sources */,
				2D1B58B9299F6613001F969F /* SubscriptionCancelerApp.swift in Sources */,
				2D1B58CF299F66FE001F969F /* Car.swift in Sources */,
				2D1B58CC299F669E001F969F /* DittoManager.swift in Sources */,
			);
			runOnlyForDeploymentPostprocessing = 0;
		};
/* End PBXSourcesBuildPhase section */

/* Begin XCBuildConfiguration section */
		2D1B58C1299F6615001F969F /* Debug */ = {
			isa = XCBuildConfiguration;
			buildSettings = {
				ALWAYS_SEARCH_USER_PATHS = NO;
				CLANG_ANALYZER_NONNULL = YES;
				CLANG_ANALYZER_NUMBER_OBJECT_CONVERSION = YES_AGGRESSIVE;
				CLANG_CXX_LANGUAGE_STANDARD = "gnu++20";
				CLANG_ENABLE_MODULES = YES;
				CLANG_ENABLE_OBJC_ARC = YES;
				CLANG_ENABLE_OBJC_WEAK = YES;
				CLANG_WARN_BLOCK_CAPTURE_AUTORELEASING = YES;
				CLANG_WARN_BOOL_CONVERSION = YES;
				CLANG_WARN_COMMA = YES;
				CLANG_WARN_CONSTANT_CONVERSION = YES;
				CLANG_WARN_DEPRECATED_OBJC_IMPLEMENTATIONS = YES;
				CLANG_WARN_DIRECT_OBJC_ISA_USAGE = YES_ERROR;
				CLANG_WARN_DOCUMENTATION_COMMENTS = YES;
				CLANG_WARN_EMPTY_BODY = YES;
				CLANG_WARN_ENUM_CONVERSION = YES;
				CLANG_WARN_INFINITE_RECURSION = YES;
				CLANG_WARN_INT_CONVERSION = YES;
				CLANG_WARN_NON_LITERAL_NULL_CONVERSION = YES;
				CLANG_WARN_OBJC_IMPLICIT_RETAIN_SELF = YES;
				CLANG_WARN_OBJC_LITERAL_CONVERSION = YES;
				CLANG_WARN_OBJC_ROOT_CLASS = YES_ERROR;
				CLANG_WARN_QUOTED_INCLUDE_IN_FRAMEWORK_HEADER = YES;
				CLANG_WARN_RANGE_LOOP_ANALYSIS = YES;
				CLANG_WARN_STRICT_PROTOTYPES = YES;
				CLANG_WARN_SUSPICIOUS_MOVE = YES;
				CLANG_WARN_UNGUARDED_AVAILABILITY = YES_AGGRESSIVE;
				CLANG_WARN_UNREACHABLE_CODE = YES;
				CLANG_WARN__DUPLICATE_METHOD_MATCH = YES;
				COPY_PHASE_STRIP = NO;
				DEBUG_INFORMATION_FORMAT = dwarf;
				ENABLE_STRICT_OBJC_MSGSEND = YES;
				ENABLE_TESTABILITY = YES;
				GCC_C_LANGUAGE_STANDARD = gnu11;
				GCC_DYNAMIC_NO_PIC = NO;
				GCC_NO_COMMON_BLOCKS = YES;
				GCC_OPTIMIZATION_LEVEL = 0;
				GCC_PREPROCESSOR_DEFINITIONS = (
					"DEBUG=1",
					"$(inherited)",
				);
				GCC_WARN_64_TO_32_BIT_CONVERSION = YES;
				GCC_WARN_ABOUT_RETURN_TYPE = YES_ERROR;
				GCC_WARN_UNDECLARED_SELECTOR = YES;
				GCC_WARN_UNINITIALIZED_AUTOS = YES_AGGRESSIVE;
				GCC_WARN_UNUSED_FUNCTION = YES;
				GCC_WARN_UNUSED_VARIABLE = YES;
				IPHONEOS_DEPLOYMENT_TARGET = 16.2;
				MTL_ENABLE_DEBUG_INFO = INCLUDE_SOURCE;
				MTL_FAST_MATH = YES;
				ONLY_ACTIVE_ARCH = YES;
				SDKROOT = iphoneos;
				SWIFT_ACTIVE_COMPILATION_CONDITIONS = DEBUG;
				SWIFT_OPTIMIZATION_LEVEL = "-Onone";
			};
			name = Debug;
		};
		2D1B58C2299F6615001F969F /* Release */ = {
			isa = XCBuildConfiguration;
			buildSettings = {
				ALWAYS_SEARCH_USER_PATHS = NO;
				CLANG_ANALYZER_NONNULL = YES;
				CLANG_ANALYZER_NUMBER_OBJECT_CONVERSION = YES_AGGRESSIVE;
				CLANG_CXX_LANGUAGE_STANDARD = "gnu++20";
				CLANG_ENABLE_MODULES = YES;
				CLANG_ENABLE_OBJC_ARC = YES;
				CLANG_ENABLE_OBJC_WEAK = YES;
				CLANG_WARN_BLOCK_CAPTURE_AUTORELEASING = YES;
				CLANG_WARN_BOOL_CONVERSION = YES;
				CLANG_WARN_COMMA = YES;
				CLANG_WARN_CONSTANT_CONVERSION = YES;
				CLANG_WARN_DEPRECATED_OBJC_IMPLEMENTATIONS = YES;
				CLANG_WARN_DIRECT_OBJC_ISA_USAGE = YES_ERROR;
				CLANG_WARN_DOCUMENTATION_COMMENTS = YES;
				CLANG_WARN_EMPTY_BODY = YES;
				CLANG_WARN_ENUM_CONVERSION = YES;
				CLANG_WARN_INFINITE_RECURSION = YES;
				CLANG_WARN_INT_CONVERSION = YES;
				CLANG_WARN_NON_LITERAL_NULL_CONVERSION = YES;
				CLANG_WARN_OBJC_IMPLICIT_RETAIN_SELF = YES;
				CLANG_WARN_OBJC_LITERAL_CONVERSION = YES;
				CLANG_WARN_OBJC_ROOT_CLASS = YES_ERROR;
				CLANG_WARN_QUOTED_INCLUDE_IN_FRAMEWORK_HEADER = YES;
				CLANG_WARN_RANGE_LOOP_ANALYSIS = YES;
				CLANG_WARN_STRICT_PROTOTYPES = YES;
				CLANG_WARN_SUSPICIOUS_MOVE = YES;
				CLANG_WARN_UNGUARDED_AVAILABILITY = YES_AGGRESSIVE;
				CLANG_WARN_UNREACHABLE_CODE = YES;
				CLANG_WARN__DUPLICATE_METHOD_MATCH = YES;
				COPY_PHASE_STRIP = NO;
				DEBUG_INFORMATION_FORMAT = "dwarf-with-dsym";
				ENABLE_NS_ASSERTIONS = NO;
				ENABLE_STRICT_OBJC_MSGSEND = YES;
				GCC_C_LANGUAGE_STANDARD = gnu11;
				GCC_NO_COMMON_BLOCKS = YES;
				GCC_WARN_64_TO_32_BIT_CONVERSION = YES;
				GCC_WARN_ABOUT_RETURN_TYPE = YES_ERROR;
				GCC_WARN_UNDECLARED_SELECTOR = YES;
				GCC_WARN_UNINITIALIZED_AUTOS = YES_AGGRESSIVE;
				GCC_WARN_UNUSED_FUNCTION = YES;
				GCC_WARN_UNUSED_VARIABLE = YES;
				IPHONEOS_DEPLOYMENT_TARGET = 16.2;
				MTL_ENABLE_DEBUG_INFO = NO;
				MTL_FAST_MATH = YES;
				SDKROOT = iphoneos;
				SWIFT_COMPILATION_MODE = wholemodule;
				SWIFT_OPTIMIZATION_LEVEL = "-O";
				VALIDATE_PRODUCT = YES;
			};
			name = Release;
		};
		2D1B58C4299F6615001F969F /* Debug */ = {
			isa = XCBuildConfiguration;
			buildSettings = {
				ASSETCATALOG_COMPILER_APPICON_NAME = AppIcon;
				ASSETCATALOG_COMPILER_GLOBAL_ACCENT_COLOR_NAME = AccentColor;
				CODE_SIGN_STYLE = Automatic;
				CURRENT_PROJECT_VERSION = 1;
				DEVELOPMENT_ASSET_PATHS = "\"SubscriptionCanceler/Preview Content\"";
				DEVELOPMENT_TEAM = 3T2VMFZPPQ;
				ENABLE_PREVIEWS = YES;
				GENERATE_INFOPLIST_FILE = YES;
				INFOPLIST_FILE = SubscriptionCanceler/Info.plist;
				INFOPLIST_KEY_NSBluetoothAlwaysUsageDescription = "Needs bluetooth to sync";
				INFOPLIST_KEY_NSBluetoothPeripheralUsageDescription = "Needs bluetooth to sync";
				INFOPLIST_KEY_NSLocalNetworkUsageDescription = "Needs LAN to sync";
				INFOPLIST_KEY_UIApplicationSceneManifest_Generation = YES;
				INFOPLIST_KEY_UIApplicationSupportsIndirectInputEvents = YES;
				INFOPLIST_KEY_UILaunchScreen_Generation = YES;
				INFOPLIST_KEY_UISupportedInterfaceOrientations_iPad = "UIInterfaceOrientationPortrait UIInterfaceOrientationPortraitUpsideDown UIInterfaceOrientationLandscapeLeft UIInterfaceOrientationLandscapeRight";
				INFOPLIST_KEY_UISupportedInterfaceOrientations_iPhone = "UIInterfaceOrientationPortrait UIInterfaceOrientationLandscapeLeft UIInterfaceOrientationLandscapeRight";
				LD_RUNPATH_SEARCH_PATHS = (
					"$(inherited)",
					"@executable_path/Frameworks",
				);
				MARKETING_VERSION = 1.0;
				PRODUCT_BUNDLE_IDENTIFIER = live.ditto.SubscriptionCanceler;
				PRODUCT_NAME = "$(TARGET_NAME)";
				SWIFT_EMIT_LOC_STRINGS = YES;
				SWIFT_VERSION = 5.0;
				TARGETED_DEVICE_FAMILY = "1,2";
			};
			name = Debug;
		};
		2D1B58C5299F6615001F969F /* Release */ = {
			isa = XCBuildConfiguration;
			buildSettings = {
				ASSETCATALOG_COMPILER_APPICON_NAME = AppIcon;
				ASSETCATALOG_COMPILER_GLOBAL_ACCENT_COLOR_NAME = AccentColor;
				CODE_SIGN_STYLE = Automatic;
				CURRENT_PROJECT_VERSION = 1;
				DEVELOPMENT_ASSET_PATHS = "\"SubscriptionCanceler/Preview Content\"";
				DEVELOPMENT_TEAM = 3T2VMFZPPQ;
				ENABLE_PREVIEWS = YES;
				GENERATE_INFOPLIST_FILE = YES;
				INFOPLIST_FILE = SubscriptionCanceler/Info.plist;
				INFOPLIST_KEY_NSBluetoothAlwaysUsageDescription = "Needs bluetooth to sync";
				INFOPLIST_KEY_NSBluetoothPeripheralUsageDescription = "Needs bluetooth to sync";
				INFOPLIST_KEY_NSLocalNetworkUsageDescription = "Needs LAN to sync";
				INFOPLIST_KEY_UIApplicationSceneManifest_Generation = YES;
				INFOPLIST_KEY_UIApplicationSupportsIndirectInputEvents = YES;
				INFOPLIST_KEY_UILaunchScreen_Generation = YES;
				INFOPLIST_KEY_UISupportedInterfaceOrientations_iPad = "UIInterfaceOrientationPortrait UIInterfaceOrientationPortraitUpsideDown UIInterfaceOrientationLandscapeLeft UIInterfaceOrientationLandscapeRight";
				INFOPLIST_KEY_UISupportedInterfaceOrientations_iPhone = "UIInterfaceOrientationPortrait UIInterfaceOrientationLandscapeLeft UIInterfaceOrientationLandscapeRight";
				LD_RUNPATH_SEARCH_PATHS = (
					"$(inherited)",
					"@executable_path/Frameworks",
				);
				MARKETING_VERSION = 1.0;
				PRODUCT_BUNDLE_IDENTIFIER = live.ditto.SubscriptionCanceler;
				PRODUCT_NAME = "$(TARGET_NAME)";
				SWIFT_EMIT_LOC_STRINGS = YES;
				SWIFT_VERSION = 5.0;
				TARGETED_DEVICE_FAMILY = "1,2";
			};
			name = Release;
		};
/* End XCBuildConfiguration section */

/* Begin XCConfigurationList section */
		2D1B58B0299F6613001F969F /* Build configuration list for PBXProject "SubscriptionCanceler" */ = {
			isa = XCConfigurationList;
			buildConfigurations = (
				2D1B58C1299F6615001F969F /* Debug */,
				2D1B58C2299F6615001F969F /* Release */,
			);
			defaultConfigurationIsVisible = 0;
			defaultConfigurationName = Release;
		};
		2D1B58C3299F6615001F969F /* Build configuration list for PBXNativeTarget "SubscriptionCanceler" */ = {
			isa = XCConfigurationList;
			buildConfigurations = (
				2D1B58C4299F6615001F969F /* Debug */,
				2D1B58C5299F6615001F969F /* Release */,
			);
			defaultConfigurationIsVisible = 0;
			defaultConfigurationName = Release;
		};
/* End XCConfigurationList section */

/* Begin XCRemoteSwiftPackageReference section */
		2D1B58C6299F6657001F969F /* XCRemoteSwiftPackageReference "DittoSwiftPackage" */ = {
			isa = XCRemoteSwiftPackageReference;
			repositoryURL = "https://github.com/getditto/DittoSwiftPackage";
			requirement = {
				kind = exactVersion;
				version = 3.0.4;
			};
		};
		2D1B58D0299F68CC001F969F /* XCRemoteSwiftPackageReference "Fakery" */ = {
			isa = XCRemoteSwiftPackageReference;
			repositoryURL = "https://github.com/vadymmarkov/Fakery";
			requirement = {
				kind = upToNextMajorVersion;
				minimumVersion = 5.0.0;
			};
		};
/* End XCRemoteSwiftPackageReference section */

/* Begin XCSwiftPackageProductDependency section */
		2D1B58C7299F6657001F969F /* DittoObjC */ = {
			isa = XCSwiftPackageProductDependency;
			package = 2D1B58C6299F6657001F969F /* XCRemoteSwiftPackageReference "DittoSwiftPackage" */;
			productName = DittoObjC;
		};
		2D1B58C9299F6657001F969F /* DittoSwift */ = {
			isa = XCSwiftPackageProductDependency;
			package = 2D1B58C6299F6657001F969F /* XCRemoteSwiftPackageReference "DittoSwiftPackage" */;
			productName = DittoSwift;
		};
		2D1B58D1299F68CC001F969F /* Fakery */ = {
			isa = XCSwiftPackageProductDependency;
			package = 2D1B58D0299F68CC001F969F /* XCRemoteSwiftPackageReference "Fakery" */;
			productName = Fakery;
		};
/* End XCSwiftPackageProductDependency section */
	};
	rootObject = 2D1B58AD299F6613001F969F /* Project object */;
}
